# This file is automatically @generated by Poetry 1.6.1 and should not be changed by hand.

[[package]]
name = "orjson"
version = "3.8.6"
description = "Fast, correct Python JSON library supporting dataclasses, datetimes, and numpy"
optional = false
python-versions = ">=3.7"
files = [
    {file = "orjson-3.8.6-cp310-cp310-macosx_10_7_x86_64.whl", hash = "sha256:062a9a74c10c439acc35cf67f31ac88d9464a11025700bab421e6cdf54a54a35"},
    {file = "orjson-3.8.6-cp310-cp310-macosx_10_9_x86_64.macosx_11_0_arm64.macosx_10_9_universal2.whl", hash = "sha256:692c255109867cc8211267f4416d2915845273bf4f403bbca5419f5b15ac9175"},
    {file = "orjson-3.8.6-cp310-cp310-manylinux_2_17_aarch64.manylinux2014_aarch64.whl", hash = "sha256:4a20905c7a5ebc280343704c4dd19343ef966c9dea5a38ade6e0461a6deb8eda"},
    {file = "orjson-3.8.6-cp310-cp310-manylinux_2_17_armv7l.manylinux2014_armv7l.whl", hash = "sha256:34ce4a8b8f0fea483bce6985c015953f475540b7d756efd48a571b1803c318ee"},
    {file = "orjson-3.8.6-cp310-cp310-manylinux_2_17_x86_64.manylinux2014_x86_64.whl", hash = "sha256:e57ecad7616ec842d8c382ed42a778cdcdadc67cfb46b804b43079f937b63b31"},
    {file = "orjson-3.8.6-cp310-cp310-manylinux_2_28_x86_64.whl", hash = "sha256:323065cf14fdd4096dbf93ea1634e7e030044af8c1000803bcdc132fbfd395f5"},
    {file = "orjson-3.8.6-cp310-cp310-musllinux_1_1_aarch64.whl", hash = "sha256:4cb4f37fca8cf8309de421634447437f229bc03b240cec8ad4ac241fd4b1bcf4"},
    {file = "orjson-3.8.6-cp310-cp310-musllinux_1_1_x86_64.whl", hash = "sha256:32353b14c5e0b55b6a8759e993482a2d8c44d492489840718b74658de67671e2"},
    {file = "orjson-3.8.6-cp310-none-win_amd64.whl", hash = "sha256:3e44f78db3a15902b5e8386119979691ed3dd61d1ded10bad2c7106fd50641ef"},
    {file = "orjson-3.8.6-cp311-cp311-macosx_10_7_x86_64.whl", hash = "sha256:c59ec129d523abd4f2d65c0733d0e57af7dd09c69142f1aa564b04358f04ace3"},
    {file = "orjson-3.8.6-cp311-cp311-macosx_10_9_x86_64.macosx_11_0_arm64.macosx_10_9_universal2.whl", hash = "sha256:d44d89314a66e98e690ce64c8771d963eb64ae6cea662d0a1d077ed024627228"},
    {file = "orjson-3.8.6-cp311-cp311-manylinux_2_17_aarch64.manylinux2014_aarch64.whl", hash = "sha256:865ef341c4d310ac2689bf811dbc0930b2f13272f8eade1511dc40b186f6d562"},
    {file = "orjson-3.8.6-cp311-cp311-manylinux_2_17_armv7l.manylinux2014_armv7l.whl", hash = "sha256:52809a37a0daa6992835ee0625aca22b4c0693dba3cb465948e6c9796de927b0"},
    {file = "orjson-3.8.6-cp311-cp311-manylinux_2_17_x86_64.manylinux2014_x86_64.whl", hash = "sha256:1d7402121d06d11fafcaed7d06f9d68b11bbe39868e0e1bc19239ee5b6b98b2b"},
    {file = "orjson-3.8.6-cp311-cp311-manylinux_2_28_x86_64.whl", hash = "sha256:583338b7dabb509ca4c3b4f160f58a5228bf6c6e0f8a2981663f683791f39d45"},
    {file = "orjson-3.8.6-cp311-none-win_amd64.whl", hash = "sha256:4a6c0a0ef2f535ba7a5d01f014b53d05eeb372d43556edb25c75a4d52690a123"},
    {file = "orjson-3.8.6-cp37-cp37m-macosx_10_7_x86_64.whl", hash = "sha256:9d35573e7f5817a26d8ce1134c3463d31bc3b39aad3ad7ae06bb67d6078fa9c0"},
    {file = "orjson-3.8.6-cp37-cp37m-macosx_10_9_x86_64.macosx_11_0_arm64.macosx_10_9_universal2.whl", hash = "sha256:94d8fdc12adc0450994931d722cb38be5e4caa273219881abb96c15a9e9f151f"},
    {file = "orjson-3.8.6-cp37-cp37m-manylinux_2_17_aarch64.manylinux2014_aarch64.whl", hash = "sha256:e8fc43bfb73d394b9bf12062cd6dab72abf728ac7869f972e4bb7327fd3330b8"},
    {file = "orjson-3.8.6-cp37-cp37m-manylinux_2_17_armv7l.manylinux2014_armv7l.whl", hash = "sha256:a38387387139695a7e52b9f568e39c1632b22eb34939afc5efed265fa8277b84"},
    {file = "orjson-3.8.6-cp37-cp37m-manylinux_2_17_x86_64.manylinux2014_x86_64.whl", hash = "sha256:8e048c6df7453c3da4de10fa5c44f6c655b157b712628888ce880cd5bbf30013"},
    {file = "orjson-3.8.6-cp37-cp37m-manylinux_2_28_x86_64.whl", hash = "sha256:d3b0950d792b25c0aa52505faf09237fd98136d09616a0837f7cdb0fde9e2730"},
    {file = "orjson-3.8.6-cp37-cp37m-musllinux_1_1_aarch64.whl", hash = "sha256:38bc8a388080d8fd297388bcff4939e350ffafe4a006567e0dd81cdb8c7b86fa"},
    {file = "orjson-3.8.6-cp37-cp37m-musllinux_1_1_x86_64.whl", hash = "sha256:5b3251ab7113f2400d76f2b4a2d6592e7d5a5cf45fa948c894340553671ef8f1"},
    {file = "orjson-3.8.6-cp37-none-win_amd64.whl", hash = "sha256:2c83a33cf389fd286bd9ef0befc406307444b9553d2e9ba14b90b9332524cfa6"},
    {file = "orjson-3.8.6-cp38-cp38-macosx_10_7_x86_64.whl", hash = "sha256:53f51c23398cfe818d9bb09079d31a60c6cd77e7eee1d555cfcc735460db4190"},
    {file = "orjson-3.8.6-cp38-cp38-macosx_10_9_x86_64.macosx_11_0_arm64.macosx_10_9_universal2.whl", hash = "sha256:6190e23a2fb9fc78228b289b3ec295094671ca0299319c8c72727aa9e7dbe06f"},
    {file = "orjson-3.8.6-cp38-cp38-manylinux_2_17_aarch64.manylinux2014_aarch64.whl", hash = "sha256:61fff8a8b4cd4e489b291fe5105b6138b1831490f1a0dc726d5e17ebe811d595"},
    {file = "orjson-3.8.6-cp38-cp38-manylinux_2_17_armv7l.manylinux2014_armv7l.whl", hash = "sha256:c192813f527f886bd85abc5a9e8d9dde16ffa06d7305de526a7c4657730dbf4e"},
    {file = "orjson-3.8.6-cp38-cp38-manylinux_2_17_x86_64.manylinux2014_x86_64.whl", hash = "sha256:aae1487fba9d955b2679f0a697665ed8fc32563b3252acc240e097184c184e29"},
    {file = "orjson-3.8.6-cp38-cp38-manylinux_2_28_x86_64.whl", hash = "sha256:cd2bd48e9a14f2130790a3c2dcb897bd93c2e5c244919799430a6d9b8212cb50"},
    {file = "orjson-3.8.6-cp38-cp38-musllinux_1_1_aarch64.whl", hash = "sha256:006178fd654a0a4f14f5912b8320ba9a26ab9c0ae7ce1c7eeb4b5249d6cada29"},
    {file = "orjson-3.8.6-cp38-cp38-musllinux_1_1_x86_64.whl", hash = "sha256:9d5ad2fddccc89ab64b6333823b250ce8430fc51f014954e5a2d4c933f5deb9f"},
    {file = "orjson-3.8.6-cp38-none-win_amd64.whl", hash = "sha256:aef3d558f5bd809733ebf2cbce7e1338ce62812db317478427236b97036aba0f"},
    {file = "orjson-3.8.6-cp39-cp39-macosx_10_7_x86_64.whl", hash = "sha256:7d216a5f3d23eac2c7c654e7bd30280c27cdf5edc32325e6ad8e880d36c265b7"},
    {file = "orjson-3.8.6-cp39-cp39-macosx_10_9_x86_64.macosx_11_0_arm64.macosx_10_9_universal2.whl", hash = "sha256:004122c95e08db7201b80224de3a8f2ad79b9717040e6884c6015f27b010127d"},
    {file = "orjson-3.8.6-cp39-cp39-manylinux_2_17_aarch64.manylinux2014_aarch64.whl", hash = "sha256:006c492577ad046cb7e50237a8d8935131a35f7e7f8320fbc3514da6fbc0b436"},
    {file = "orjson-3.8.6-cp39-cp39-manylinux_2_17_armv7l.manylinux2014_armv7l.whl", hash = "sha256:67554103b415349b6ee2db82d2422da1c8f4c2d280d20772217f6d1d227410b6"},
    {file = "orjson-3.8.6-cp39-cp39-manylinux_2_17_x86_64.manylinux2014_x86_64.whl", hash = "sha256:caa5053f19584816f063c887d94385db481fc01d995d6a717ce4fbb929653ec2"},
    {file = "orjson-3.8.6-cp39-cp39-manylinux_2_28_x86_64.whl", hash = "sha256:2bdd64566870a8a0bdcf8c7df2f4452391dd55070f5cd98cc581914e8c263d85"},
    {file = "orjson-3.8.6-cp39-cp39-musllinux_1_1_aarch64.whl", hash = "sha256:550a4dec128d1adfd0262ef9ad7878d62d1cc0bddaaa05e41d8ca28414dc86bc"},
    {file = "orjson-3.8.6-cp39-cp39-musllinux_1_1_x86_64.whl", hash = "sha256:d3f5ad9442e8a99fb436279a8614a00aca272ea8dabb692cadee70a4874d6e03"},
    {file = "orjson-3.8.6-cp39-none-win_amd64.whl", hash = "sha256:aa7b112e3273d1744f7bc983ffd3dd0d004062c69dfa68e119515a7e115c46c8"},
    {file = "orjson-3.8.6.tar.gz", hash = "sha256:91ef8a554d33fbc5bb61c3972f3e8baa994f72c4967671e64e7dac1cc06f50e1"},
]

[metadata]
lock-version = "2.0"
python-versions = "^3.10"
content-hash = "5de637830cf6840faca43776e742fccb2edc7f79ba0a2254dcafb885746ccaa4"
