# This file is automatically @generated by Poetry 1.8.3 and should not be changed by hand.

[[package]]
name = "pydantic"
version = "1.10.15"
description = "Data validation and settings management using python type hints"
optional = false
python-versions = ">=3.7"
files = [
    {file = "pydantic-1.10.15-cp310-cp310-macosx_10_9_x86_64.whl", hash = "sha256:22ed12ee588b1df028a2aa5d66f07bf8f8b4c8579c2e96d5a9c1f96b77f3bb55"},
    {file = "pydantic-1.10.15-cp310-cp310-macosx_11_0_arm64.whl", hash = "sha256:75279d3cac98186b6ebc2597b06bcbc7244744f6b0b44a23e4ef01e5683cc0d2"},
    {file = "pydantic-1.10.15-cp310-cp310-manylinux_2_17_x86_64.manylinux2014_x86_64.whl", hash = "sha256:50f1666a9940d3d68683c9d96e39640f709d7a72ff8702987dab1761036206bb"},
    {file = "pydantic-1.10.15-cp310-cp310-manylinux_2_5_i686.manylinux1_i686.manylinux_2_17_i686.manylinux2014_i686.whl", hash = "sha256:82790d4753ee5d00739d6cb5cf56bceb186d9d6ce134aca3ba7befb1eedbc2c8"},
    {file = "pydantic-1.10.15-cp310-cp310-musllinux_1_1_i686.whl", hash = "sha256:d207d5b87f6cbefbdb1198154292faee8017d7495a54ae58db06762004500d00"},
    {file = "pydantic-1.10.15-cp310-cp310-musllinux_1_1_x86_64.whl", hash = "sha256:e49db944fad339b2ccb80128ffd3f8af076f9f287197a480bf1e4ca053a866f0"},
    {file = "pydantic-1.10.15-cp310-cp310-win_amd64.whl", hash = "sha256:d3b5c4cbd0c9cb61bbbb19ce335e1f8ab87a811f6d589ed52b0254cf585d709c"},
    {file = "pydantic-1.10.15-cp311-cp311-macosx_10_9_x86_64.whl", hash = "sha256:c3d5731a120752248844676bf92f25a12f6e45425e63ce22e0849297a093b5b0"},
    {file = "pydantic-1.10.15-cp311-cp311-macosx_11_0_arm64.whl", hash = "sha256:c365ad9c394f9eeffcb30a82f4246c0006417f03a7c0f8315d6211f25f7cb654"},
    {file = "pydantic-1.10.15-cp311-cp311-manylinux_2_17_x86_64.manylinux2014_x86_64.whl", hash = "sha256:3287e1614393119c67bd4404f46e33ae3be3ed4cd10360b48d0a4459f420c6a3"},
    {file = "pydantic-1.10.15-cp311-cp311-manylinux_2_5_i686.manylinux1_i686.manylinux_2_17_i686.manylinux2014_i686.whl", hash = "sha256:be51dd2c8596b25fe43c0a4a59c2bee4f18d88efb8031188f9e7ddc6b469cf44"},
    {file = "pydantic-1.10.15-cp311-cp311-musllinux_1_1_i686.whl", hash = "sha256:6a51a1dd4aa7b3f1317f65493a182d3cff708385327c1c82c81e4a9d6d65b2e4"},
    {file = "pydantic-1.10.15-cp311-cp311-musllinux_1_1_x86_64.whl", hash = "sha256:4e316e54b5775d1eb59187f9290aeb38acf620e10f7fd2f776d97bb788199e53"},
    {file = "pydantic-1.10.15-cp311-cp311-win_amd64.whl", hash = "sha256:0d142fa1b8f2f0ae11ddd5e3e317dcac060b951d605fda26ca9b234b92214986"},
    {file = "pydantic-1.10.15-cp37-cp37m-macosx_10_9_x86_64.whl", hash = "sha256:7ea210336b891f5ea334f8fc9f8f862b87acd5d4a0cbc9e3e208e7aa1775dabf"},
    {file = "pydantic-1.10.15-cp37-cp37m-manylinux_2_17_x86_64.manylinux2014_x86_64.whl", hash = "sha256:3453685ccd7140715e05f2193d64030101eaad26076fad4e246c1cc97e1bb30d"},
    {file = "pydantic-1.10.15-cp37-cp37m-manylinux_2_5_i686.manylinux1_i686.manylinux_2_17_i686.manylinux2014_i686.whl", hash = "sha256:9bea1f03b8d4e8e86702c918ccfd5d947ac268f0f0cc6ed71782e4b09353b26f"},
    {file = "pydantic-1.10.15-cp37-cp37m-musllinux_1_1_i686.whl", hash = "sha256:005655cabc29081de8243126e036f2065bd7ea5b9dff95fde6d2c642d39755de"},
    {file = "pydantic-1.10.15-cp37-cp37m-musllinux_1_1_x86_64.whl", hash = "sha256:af9850d98fc21e5bc24ea9e35dd80a29faf6462c608728a110c0a30b595e58b7"},
    {file = "pydantic-1.10.15-cp37-cp37m-win_amd64.whl", hash = "sha256:d31ee5b14a82c9afe2bd26aaa405293d4237d0591527d9129ce36e58f19f95c1"},
    {file = "pydantic-1.10.15-cp38-cp38-macosx_10_9_x86_64.whl", hash = "sha256:5e09c19df304b8123938dc3c53d3d3be6ec74b9d7d0d80f4f4b5432ae16c2022"},
    {file = "pydantic-1.10.15-cp38-cp38-macosx_11_0_arm64.whl", hash = "sha256:7ac9237cd62947db00a0d16acf2f3e00d1ae9d3bd602b9c415f93e7a9fc10528"},
    {file = "pydantic-1.10.15-cp38-cp38-manylinux_2_17_x86_64.manylinux2014_x86_64.whl", hash = "sha256:584f2d4c98ffec420e02305cf675857bae03c9d617fcfdc34946b1160213a948"},
    {file = "pydantic-1.10.15-cp38-cp38-manylinux_2_5_i686.manylinux1_i686.manylinux_2_17_i686.manylinux2014_i686.whl", hash = "sha256:bbc6989fad0c030bd70a0b6f626f98a862224bc2b1e36bfc531ea2facc0a340c"},
    {file = "pydantic-1.10.15-cp38-cp38-musllinux_1_1_i686.whl", hash = "sha256:d573082c6ef99336f2cb5b667b781d2f776d4af311574fb53d908517ba523c22"},
    {file = "pydantic-1.10.15-cp38-cp38-musllinux_1_1_x86_64.whl", hash = "sha256:6bd7030c9abc80134087d8b6e7aa957e43d35714daa116aced57269a445b8f7b"},
    {file = "pydantic-1.10.15-cp38-cp38-win_amd64.whl", hash = "sha256:3350f527bb04138f8aff932dc828f154847fbdc7a1a44c240fbfff1b57f49a12"},
    {file = "pydantic-1.10.15-cp39-cp39-macosx_10_9_x86_64.whl", hash = "sha256:51d405b42f1b86703555797270e4970a9f9bd7953f3990142e69d1037f9d9e51"},
    {file = "pydantic-1.10.15-cp39-cp39-macosx_11_0_arm64.whl", hash = "sha256:a980a77c52723b0dc56640ced396b73a024d4b74f02bcb2d21dbbac1debbe9d0"},
    {file = "pydantic-1.10.15-cp39-cp39-manylinux_2_17_x86_64.manylinux2014_x86_64.whl", hash = "sha256:67f1a1fb467d3f49e1708a3f632b11c69fccb4e748a325d5a491ddc7b5d22383"},
    {file = "pydantic-1.10.15-cp39-cp39-manylinux_2_5_i686.manylinux1_i686.manylinux_2_17_i686.manylinux2014_i686.whl", hash = "sha256:676ed48f2c5bbad835f1a8ed8a6d44c1cd5a21121116d2ac40bd1cd3619746ed"},
    {file = "pydantic-1.10.15-cp39-cp39-musllinux_1_1_i686.whl", hash = "sha256:92229f73400b80c13afcd050687f4d7e88de9234d74b27e6728aa689abcf58cc"},
    {file = "pydantic-1.10.15-cp39-cp39-musllinux_1_1_x86_64.whl", hash = "sha256:2746189100c646682eff0bce95efa7d2e203420d8e1c613dc0c6b4c1d9c1fde4"},
    {file = "pydantic-1.10.15-cp39-cp39-win_amd64.whl", hash = "sha256:394f08750bd8eaad714718812e7fab615f873b3cdd0b9d84e76e51ef3b50b6b7"},
    {file = "pydantic-1.10.15-py3-none-any.whl", hash = "sha256:28e552a060ba2740d0d2aabe35162652c1459a0b9069fe0db7f4ee0e18e74d58"},
    {file = "pydantic-1.10.15.tar.gz", hash = "sha256:ca832e124eda231a60a041da4f013e3ff24949d94a01154b137fc2f2a43c3ffb"},
]

[package.dependencies]
typing-extensions = ">=4.2.0"

[package.extras]
dotenv = ["python-dotenv (>=0.10.4)"]
email = ["email-validator (>=1.0.3)"]

[[package]]
name = "typing-extensions"
version = "4.7.1"
description = "Backported and Experimental Type Hints for Python 3.7+"
optional = false
python-versions = ">=3.7"
files = [
    {file = "typing_extensions-4.7.1-py3-none-any.whl", hash = "sha256:440d5dd3af93b060174bf433bccd69b0babc3b15b1a8dca43789fd7f61514b36"},
    {file = "typing_extensions-4.7.1.tar.gz", hash = "sha256:b75ddc264f0ba5615db7ba217daeb99701ad295353c45f9e95963337ceeeffb2"},
]

[metadata]
lock-version = "2.0"
python-versions = ">=3.7"
content-hash = "60b995d134c483f8fcd864b5bd1f1ad38dd1f016f7e7cbee3ad400a55fc45971"
