[[package]]
name = "anyio"
version = "3.6.1"
description = "High level compatibility layer for multiple asynchronous event loop implementations"
category = "main"
optional = false
python-versions = ">=3.6.2"

[package.dependencies]
idna = ">=2.8"
sniffio = ">=1.1"

[package.extras]
doc = ["packaging", "sphinx-rtd-theme", "sphinx-autodoc-typehints (>=1.2.0)"]
test = ["coverage[toml] (>=4.5)", "hypothesis (>=4.0)", "pytest (>=7.0)", "pytest-mock (>=3.6.1)", "trustme", "contextlib2", "uvloop (<0.15)", "mock (>=4)", "uvloop (>=0.15)"]
trio = ["trio (>=0.16)"]

[[package]]
name = "idna"
version = "3.4"
description = "Internationalized Domain Names in Applications (IDNA)"
category = "main"
optional = false
python-versions = ">=3.5"

[[package]]
name = "sniffio"
version = "1.3.0"
description = "Sniff out which async library your code is running under"
category = "main"
optional = false
python-versions = ">=3.7"

[[package]]
name = "watchfiles"
version = "0.17.0"
description = "Simple, modern and high performance file watching and code reload in python."
category = "main"
optional = false
python-versions = ">=3.7"

[package.dependencies]
anyio = ">=3.0.0,<4"

[metadata]
lock-version = "1.1"
python-versions = "^3.9"
content-hash = "778f3eb8172aaf41213f2ccd46e1298fad9112463b9670d7f9e9e02f210bf787"

[metadata.files]
anyio = [
    {file = "anyio-3.6.1-py3-none-any.whl", hash = "sha256:cb29b9c70620506a9a8f87a309591713446953302d7d995344d0d7c6c0c9a7be"},
    {file = "anyio-3.6.1.tar.gz", hash = "sha256:413adf95f93886e442aea925f3ee43baa5a765a64a0f52c6081894f9992fdd0b"},
]
idna = [
    {file = "idna-3.4-py3-none-any.whl", hash = "sha256:90b77e79eaa3eba6de819a0c442c0b4ceefc341a7a2ab77d7562bf49f425c5c2"},
    {file = "idna-3.4.tar.gz", hash = "sha256:814f528e8dead7d329833b91c5faa87d60bf71824cd12a7530b5526063d02cb4"},
]
sniffio = [
    {file = "sniffio-1.3.0-py3-none-any.whl", hash = "sha256:eecefdce1e5bbfb7ad2eeaabf7c1eeb404d7757c379bd1f7e5cce9d8bf425384"},
    {file = "sniffio-1.3.0.tar.gz", hash = "sha256:e60305c5e5d314f5389259b7f22aaa33d8f7dee49763119234af3755c55b9101"},
]
watchfiles = [
    {file = "watchfiles-0.17.0-cp37-abi3-macosx_10_7_x86_64.whl", hash = "sha256:c7e1ffbd03cbcb46d1b7833e10e7d6b678ab083b4e4b80db06cfff5baca3c93f"},
    {file = "watchfiles-0.17.0-cp37-abi3-macosx_11_0_arm64.whl", hash = "sha256:539bcdb55a487126776c9d8c011094214d1df3f9a2321a6c0b1583197309405a"},
    {file = "watchfiles-0.17.0-cp37-abi3-manylinux_2_12_i686.manylinux2010_i686.whl", hash = "sha256:00e5f307a58752ec1478eeb738863544bde21cc7a2728bd1c216060406bde9c1"},
    {file = "watchfiles-0.17.0-cp37-abi3-manylinux_2_12_x86_64.manylinux2010_x86_64.whl", hash = "sha256:92675f379a9d5adbc6a52179f3e39aa56944c6eecb80384608fff2ed2619103a"},
    {file = "watchfiles-0.17.0-cp37-abi3-manylinux_2_17_aarch64.manylinux2014_aarch64.whl", hash = "sha256:1dd1e3181ad5d83ca35e9147c72e24f39437fcdf570c9cdc532016399fb62957"},
    {file = "watchfiles-0.17.0-cp37-abi3-manylinux_2_17_armv7l.manylinux2014_armv7l.whl", hash = "sha256:204950f1d6083539af5c8b7d4f5f8039c3ce36fa692da12d9743448f3199cb15"},
    {file = "watchfiles-0.17.0-cp37-abi3-musllinux_1_1_aarch64.whl", hash = "sha256:4056398d8f6d4972fe0918707b59d4cb84470c91d3c37f0e11e5a66c2a598760"},
    {file = "watchfiles-0.17.0-cp37-abi3-musllinux_1_1_x86_64.whl", hash = "sha256:ffff3418dc753a2aed2d00200a4daeaac295c40458f8012836a65555f288be8b"},
    {file = "watchfiles-0.17.0-cp37-abi3-win32.whl", hash = "sha256:b5c334cd3bc88aa4a8a1e08ec9f702b63c947211275defdc2dd79dc037fcb500"},
    {file = "watchfiles-0.17.0-cp37-abi3-win_amd64.whl", hash = "sha256:53a2faeb121bc51bb6b960984f46901227e2e2475acc5a8d4c905a600436752d"},
    {file = "watchfiles-0.17.0-cp37-abi3-win_arm64.whl", hash = "sha256:58dc3140dcf02a8aa76464a77a093016f10e89306fec21a4814922a64f3e8b9f"},
    {file = "watchfiles-0.17.0-pp38-pypy38_pp73-macosx_10_7_x86_64.whl", hash = "sha256:adcf15ecc2182ea9d2358c1a8c2b53203c3909484918776929b7bbe205522c0e"},
    {file = "watchfiles-0.17.0-pp38-pypy38_pp73-manylinux_2_12_x86_64.manylinux2010_x86_64.whl", hash = "sha256:afd35a1bd3b9e68efe384ae7538481ae725597feb66f56f4bd23ecdbda726da0"},
    {file = "watchfiles-0.17.0-pp38-pypy38_pp73-manylinux_2_17_aarch64.manylinux2014_aarch64.whl", hash = "sha256:ad2bdcae4c0f07ca6c090f5a2c30188cc6edba011b45e7c96eb1896648092367"},
    {file = "watchfiles-0.17.0-pp39-pypy39_pp73-macosx_10_7_x86_64.whl", hash = "sha256:a53cb6c06e5c1f216c792fbb432ce315239d432cb8b68d508547100939ec0399"},
    {file = "watchfiles-0.17.0-pp39-pypy39_pp73-manylinux_2_12_x86_64.manylinux2010_x86_64.whl", hash = "sha256:6a3d6c699f3ce238dfa90bcef501f331a69b0d9b076f14459ed8eab26ba2f4cf"},
    {file = "watchfiles-0.17.0-pp39-pypy39_pp73-manylinux_2_17_aarch64.manylinux2014_aarch64.whl", hash = "sha256:a7f4271af86569bdbf131dd5c7c121c45d0ed194f3c88b88326e48a3b6a2db12"},
    {file = "watchfiles-0.17.0.tar.gz", hash = "sha256:ae7c57ef920589a40270d5ef3216d693f4e6f8864d8fc8b6cb7885ca98ad2a61"},
]
