# This file is automatically @generated by Poetry 1.4.2 and should not be changed by hand.

[[package]]
name = "aiopg"
version = "1.4.0"
description = "Postgres integration with asyncio."
category = "main"
optional = false
python-versions = ">=3.7"
files = [
    {file = "aiopg-1.4.0-py3-none-any.whl", hash = "sha256:aea46e8aff30b039cfa818e6db4752c97656e893fc75e5a5dc57355a9e9dedbd"},
    {file = "aiopg-1.4.0.tar.gz", hash = "sha256:116253bef86b4d954116716d181e9a0294037f266718b2e1c9766af995639d71"},
]

[package.dependencies]
async-timeout = ">=3.0,<5.0"
psycopg2-binary = ">=2.9.5"

[package.extras]
sa = ["sqlalchemy[postgresql-psycopg2binary] (>=1.3,<1.5)"]

[[package]]
name = "async-timeout"
version = "4.0.3"
description = "Timeout context manager for asyncio programs"
category = "main"
optional = false
python-versions = ">=3.7"
files = [
    {file = "async-timeout-4.0.3.tar.gz", hash = "sha256:4640d96be84d82d02ed59ea2b7105a0f7b33abe8703703cd0ab0bf87c427522f"},
    {file = "async_timeout-4.0.3-py3-none-any.whl", hash = "sha256:7405140ff1230c310e51dc27b3145b9092d659ce68ff733fb0cefe3ee42be028"},
]

[[package]]
name = "attrs"
version = "23.1.0"
description = "Classes Without Boilerplate"
category = "main"
optional = false
python-versions = ">=3.7"
files = [
    {file = "attrs-23.1.0-py3-none-any.whl", hash = "sha256:1f28b4522cdc2fb4256ac1a020c78acf9cba2c6b461ccd2c126f3aa8e8335d04"},
    {file = "attrs-23.1.0.tar.gz", hash = "sha256:6279836d581513a26f1bf235f9acd333bc9115683f14f7e8fae46c98fc50e015"},
]

[package.extras]
cov = ["attrs[tests]", "coverage[toml] (>=5.3)"]
dev = ["attrs[docs,tests]", "pre-commit"]
docs = ["furo", "myst-parser", "sphinx", "sphinx-notfound-page", "sphinxcontrib-towncrier", "towncrier", "zope-interface"]
tests = ["attrs[tests-no-zope]", "zope-interface"]
tests-no-zope = ["cloudpickle", "hypothesis", "mypy (>=1.1.1)", "pympler", "pytest (>=4.3.0)", "pytest-mypy-plugins", "pytest-xdist[psutil]"]

[[package]]
name = "click"
version = "8.1.7"
description = "Composable command line interface toolkit"
category = "main"
optional = false
python-versions = ">=3.7"
files = [
    {file = "click-8.1.7-py3-none-any.whl", hash = "sha256:ae74fb96c20a0277a1d615f1e4d73c8414f5a98db8b799a7931d1582f3390c28"},
    {file = "click-8.1.7.tar.gz", hash = "sha256:ca9853ad459e787e2192211578cc907e7594e294c7ccc834310722b41b9ca6de"},
]

[package.dependencies]
colorama = {version = "*", markers = "platform_system == \"Windows\""}

[[package]]
name = "colorama"
version = "0.4.6"
description = "Cross-platform colored terminal text."
category = "main"
optional = false
python-versions = "!=3.0.*,!=3.1.*,!=3.2.*,!=3.3.*,!=3.4.*,!=3.5.*,!=3.6.*,>=2.7"
files = [
    {file = "colorama-0.4.6-py2.py3-none-any.whl", hash = "sha256:4f1d9991f5acc0ca119f9d443620b77f9d6b33703e51011c16baf57afb285fc6"},
    {file = "colorama-0.4.6.tar.gz", hash = "sha256:08695f5cb7ed6e0531a20572697297273c47b8cae5a63ffc6d6ed5c201be6e44"},
]

[[package]]
name = "croniter"
version = "1.4.1"
description = "croniter provides iteration for datetime object with cron like format"
category = "main"
optional = false
python-versions = ">=2.6, !=3.0.*, !=3.1.*, !=3.2.*, !=3.3.*"
files = [
    {file = "croniter-1.4.1-py2.py3-none-any.whl", hash = "sha256:9595da48af37ea06ec3a9f899738f1b2c1c13da3c38cea606ef7cd03ea421128"},
    {file = "croniter-1.4.1.tar.gz", hash = "sha256:1a6df60eacec3b7a0aa52a8f2ef251ae3dd2a7c7c8b9874e73e791636d55a361"},
]

[package.dependencies]
python-dateutil = "*"

[[package]]
name = "importlib-resources"
version = "6.1.0"
description = "Read resources from Python packages"
category = "main"
optional = false
python-versions = ">=3.8"
files = [
    {file = "importlib_resources-6.1.0-py3-none-any.whl", hash = "sha256:aa50258bbfa56d4e33fbd8aa3ef48ded10d1735f11532b8df95388cc6bdb7e83"},
    {file = "importlib_resources-6.1.0.tar.gz", hash = "sha256:9d48dcccc213325e810fd723e7fbb45ccb39f6cf5c31f00cf2b965f5f10f3cb9"},
]

[package.dependencies]
zipp = {version = ">=3.1.0", markers = "python_version < \"3.10\""}

[package.extras]
docs = ["furo", "jaraco.packaging (>=9.3)", "jaraco.tidelift (>=1.4)", "rst.linker (>=1.9)", "sphinx (<7.2.5)", "sphinx (>=3.5)", "sphinx-lint"]
testing = ["pytest (>=6)", "pytest-black (>=0.3.7)", "pytest-checkdocs (>=2.4)", "pytest-cov", "pytest-enabler (>=2.2)", "pytest-mypy (>=0.9.1)", "pytest-ruff", "zipp (>=3.17)"]

[[package]]
name = "procrastinate"
version = "0.28.0"
description = "Postgres-based distributed task processing library"
category = "main"
optional = false
python-versions = ">=3.8,<4.0"
files = [
    {file = "procrastinate-0.28.0-py3-none-any.whl", hash = "sha256:696a90c733bb4272f13ce648465e2d07a84731fbfa6c507d2516ca5630cd68a2"},
    {file = "procrastinate-0.28.0.tar.gz", hash = "sha256:6235ad284c149169c7ec13a7b70972295845e8e8f30a97c8502b68148e7e10b6"},
]

[package.dependencies]
aiopg = "*"
attrs = "*"
click = "*"
croniter = "*"
importlib-resources = {version = ">=1.4", markers = "python_version < \"3.9\""}
psycopg2-binary = "*"
python-dateutil = "*"

[package.extras]
django = ["django (>=2.2)"]
sqlalchemy = ["sqlalchemy (>=2.0,<3.0)"]

[[package]]
name = "psycopg2-binary"
version = "2.9.7"
description = "psycopg2 - Python-PostgreSQL Database Adapter"
category = "main"
optional = false
python-versions = ">=3.6"
files = [
    {file = "psycopg2-binary-2.9.7.tar.gz", hash = "sha256:1b918f64a51ffe19cd2e230b3240ba481330ce1d4b7875ae67305bd1d37b041c"},
    {file = "psycopg2_binary-2.9.7-cp310-cp310-macosx_10_9_x86_64.whl", hash = "sha256:ea5f8ee87f1eddc818fc04649d952c526db4426d26bab16efbe5a0c52b27d6ab"},
    {file = "psycopg2_binary-2.9.7-cp310-cp310-macosx_11_0_arm64.whl", hash = "sha256:2993ccb2b7e80844d534e55e0f12534c2871952f78e0da33c35e648bf002bbff"},
    {file = "psycopg2_binary-2.9.7-cp310-cp310-manylinux_2_17_aarch64.manylinux2014_aarch64.whl", hash = "sha256:dbbc3c5d15ed76b0d9db7753c0db40899136ecfe97d50cbde918f630c5eb857a"},
    {file = "psycopg2_binary-2.9.7-cp310-cp310-manylinux_2_17_i686.manylinux2014_i686.whl", hash = "sha256:692df8763b71d42eb8343f54091368f6f6c9cfc56dc391858cdb3c3ef1e3e584"},
    {file = "psycopg2_binary-2.9.7-cp310-cp310-manylinux_2_17_ppc64le.manylinux2014_ppc64le.whl", hash = "sha256:9dcfd5d37e027ec393a303cc0a216be564b96c80ba532f3d1e0d2b5e5e4b1e6e"},
    {file = "psycopg2_binary-2.9.7-cp310-cp310-manylinux_2_17_x86_64.manylinux2014_x86_64.whl", hash = "sha256:17cc17a70dfb295a240db7f65b6d8153c3d81efb145d76da1e4a096e9c5c0e63"},
    {file = "psycopg2_binary-2.9.7-cp310-cp310-musllinux_1_1_aarch64.whl", hash = "sha256:e5666632ba2b0d9757b38fc17337d84bdf932d38563c5234f5f8c54fd01349c9"},
    {file = "psycopg2_binary-2.9.7-cp310-cp310-musllinux_1_1_i686.whl", hash = "sha256:7db7b9b701974c96a88997d458b38ccb110eba8f805d4b4f74944aac48639b42"},
    {file = "psycopg2_binary-2.9.7-cp310-cp310-musllinux_1_1_ppc64le.whl", hash = "sha256:c82986635a16fb1fa15cd5436035c88bc65c3d5ced1cfaac7f357ee9e9deddd4"},
    {file = "psycopg2_binary-2.9.7-cp310-cp310-musllinux_1_1_x86_64.whl", hash = "sha256:4fe13712357d802080cfccbf8c6266a3121dc0e27e2144819029095ccf708372"},
    {file = "psycopg2_binary-2.9.7-cp310-cp310-win32.whl", hash = "sha256:122641b7fab18ef76b18860dd0c772290566b6fb30cc08e923ad73d17461dc63"},
    {file = "psycopg2_binary-2.9.7-cp310-cp310-win_amd64.whl", hash = "sha256:f8651cf1f144f9ee0fa7d1a1df61a9184ab72962531ca99f077bbdcba3947c58"},
    {file = "psycopg2_binary-2.9.7-cp311-cp311-macosx_10_9_x86_64.whl", hash = "sha256:4ecc15666f16f97709106d87284c136cdc82647e1c3f8392a672616aed3c7151"},
    {file = "psycopg2_binary-2.9.7-cp311-cp311-macosx_11_0_arm64.whl", hash = "sha256:3fbb1184c7e9d28d67671992970718c05af5f77fc88e26fd7136613c4ece1f89"},
    {file = "psycopg2_binary-2.9.7-cp311-cp311-manylinux_2_17_aarch64.manylinux2014_aarch64.whl", hash = "sha256:8a7968fd20bd550431837656872c19575b687f3f6f98120046228e451e4064df"},
    {file = "psycopg2_binary-2.9.7-cp311-cp311-manylinux_2_17_i686.manylinux2014_i686.whl", hash = "sha256:094af2e77a1976efd4956a031028774b827029729725e136514aae3cdf49b87b"},
    {file = "psycopg2_binary-2.9.7-cp311-cp311-manylinux_2_17_ppc64le.manylinux2014_ppc64le.whl", hash = "sha256:26484e913d472ecb6b45937ea55ce29c57c662066d222fb0fbdc1fab457f18c5"},
    {file = "psycopg2_binary-2.9.7-cp311-cp311-manylinux_2_17_x86_64.manylinux2014_x86_64.whl", hash = "sha256:8f309b77a7c716e6ed9891b9b42953c3ff7d533dc548c1e33fddc73d2f5e21f9"},
    {file = "psycopg2_binary-2.9.7-cp311-cp311-musllinux_1_1_aarch64.whl", hash = "sha256:6d92e139ca388ccfe8c04aacc163756e55ba4c623c6ba13d5d1595ed97523e4b"},
    {file = "psycopg2_binary-2.9.7-cp311-cp311-musllinux_1_1_i686.whl", hash = "sha256:2df562bb2e4e00ee064779902d721223cfa9f8f58e7e52318c97d139cf7f012d"},
    {file = "psycopg2_binary-2.9.7-cp311-cp311-musllinux_1_1_ppc64le.whl", hash = "sha256:4eec5d36dbcfc076caab61a2114c12094c0b7027d57e9e4387b634e8ab36fd44"},
    {file = "psycopg2_binary-2.9.7-cp311-cp311-musllinux_1_1_x86_64.whl", hash = "sha256:1011eeb0c51e5b9ea1016f0f45fa23aca63966a4c0afcf0340ccabe85a9f65bd"},
    {file = "psycopg2_binary-2.9.7-cp311-cp311-win32.whl", hash = "sha256:ded8e15f7550db9e75c60b3d9fcbc7737fea258a0f10032cdb7edc26c2a671fd"},
    {file = "psycopg2_binary-2.9.7-cp311-cp311-win_amd64.whl", hash = "sha256:8a136c8aaf6615653450817a7abe0fc01e4ea720ae41dfb2823eccae4b9062a3"},
    {file = "psycopg2_binary-2.9.7-cp37-cp37m-macosx_10_9_x86_64.whl", hash = "sha256:2dec5a75a3a5d42b120e88e6ed3e3b37b46459202bb8e36cd67591b6e5feebc1"},
    {file = "psycopg2_binary-2.9.7-cp37-cp37m-manylinux_2_17_aarch64.manylinux2014_aarch64.whl", hash = "sha256:fc10da7e7df3380426521e8c1ed975d22df678639da2ed0ec3244c3dc2ab54c8"},
    {file = "psycopg2_binary-2.9.7-cp37-cp37m-manylinux_2_17_i686.manylinux2014_i686.whl", hash = "sha256:ee919b676da28f78f91b464fb3e12238bd7474483352a59c8a16c39dfc59f0c5"},
    {file = "psycopg2_binary-2.9.7-cp37-cp37m-manylinux_2_17_ppc64le.manylinux2014_ppc64le.whl", hash = "sha256:eb1c0e682138f9067a58fc3c9a9bf1c83d8e08cfbee380d858e63196466d5c86"},
    {file = "psycopg2_binary-2.9.7-cp37-cp37m-manylinux_2_17_x86_64.manylinux2014_x86_64.whl", hash = "sha256:00d8db270afb76f48a499f7bb8fa70297e66da67288471ca873db88382850bf4"},
    {file = "psycopg2_binary-2.9.7-cp37-cp37m-musllinux_1_1_aarch64.whl", hash = "sha256:9b0c2b466b2f4d89ccc33784c4ebb1627989bd84a39b79092e560e937a11d4ac"},
    {file = "psycopg2_binary-2.9.7-cp37-cp37m-musllinux_1_1_i686.whl", hash = "sha256:51d1b42d44f4ffb93188f9b39e6d1c82aa758fdb8d9de65e1ddfe7a7d250d7ad"},
    {file = "psycopg2_binary-2.9.7-cp37-cp37m-musllinux_1_1_ppc64le.whl", hash = "sha256:11abdbfc6f7f7dea4a524b5f4117369b0d757725798f1593796be6ece20266cb"},
    {file = "psycopg2_binary-2.9.7-cp37-cp37m-musllinux_1_1_x86_64.whl", hash = "sha256:f02f4a72cc3ab2565c6d9720f0343cb840fb2dc01a2e9ecb8bc58ccf95dc5c06"},
    {file = "psycopg2_binary-2.9.7-cp37-cp37m-win32.whl", hash = "sha256:81d5dd2dd9ab78d31a451e357315f201d976c131ca7d43870a0e8063b6b7a1ec"},
    {file = "psycopg2_binary-2.9.7-cp37-cp37m-win_amd64.whl", hash = "sha256:62cb6de84d7767164a87ca97e22e5e0a134856ebcb08f21b621c6125baf61f16"},
    {file = "psycopg2_binary-2.9.7-cp38-cp38-macosx_10_9_x86_64.whl", hash = "sha256:59f7e9109a59dfa31efa022e94a244736ae401526682de504e87bd11ce870c22"},
    {file = "psycopg2_binary-2.9.7-cp38-cp38-macosx_11_0_arm64.whl", hash = "sha256:95a7a747bdc3b010bb6a980f053233e7610276d55f3ca506afff4ad7749ab58a"},
    {file = "psycopg2_binary-2.9.7-cp38-cp38-manylinux_2_17_aarch64.manylinux2014_aarch64.whl", hash = "sha256:8c721ee464e45ecf609ff8c0a555018764974114f671815a0a7152aedb9f3343"},
    {file = "psycopg2_binary-2.9.7-cp38-cp38-manylinux_2_17_i686.manylinux2014_i686.whl", hash = "sha256:f4f37bbc6588d402980ffbd1f3338c871368fb4b1cfa091debe13c68bb3852b3"},
    {file = "psycopg2_binary-2.9.7-cp38-cp38-manylinux_2_17_ppc64le.manylinux2014_ppc64le.whl", hash = "sha256:ac83ab05e25354dad798401babaa6daa9577462136ba215694865394840e31f8"},
    {file = "psycopg2_binary-2.9.7-cp38-cp38-manylinux_2_17_x86_64.manylinux2014_x86_64.whl", hash = "sha256:024eaeb2a08c9a65cd5f94b31ace1ee3bb3f978cd4d079406aef85169ba01f08"},
    {file = "psycopg2_binary-2.9.7-cp38-cp38-musllinux_1_1_aarch64.whl", hash = "sha256:1c31c2606ac500dbd26381145684d87730a2fac9a62ebcfbaa2b119f8d6c19f4"},
    {file = "psycopg2_binary-2.9.7-cp38-cp38-musllinux_1_1_i686.whl", hash = "sha256:42a62ef0e5abb55bf6ffb050eb2b0fcd767261fa3faf943a4267539168807522"},
    {file = "psycopg2_binary-2.9.7-cp38-cp38-musllinux_1_1_ppc64le.whl", hash = "sha256:7952807f95c8eba6a8ccb14e00bf170bb700cafcec3924d565235dffc7dc4ae8"},
    {file = "psycopg2_binary-2.9.7-cp38-cp38-musllinux_1_1_x86_64.whl", hash = "sha256:e02bc4f2966475a7393bd0f098e1165d470d3fa816264054359ed4f10f6914ea"},
    {file = "psycopg2_binary-2.9.7-cp38-cp38-win32.whl", hash = "sha256:fdca0511458d26cf39b827a663d7d87db6f32b93efc22442a742035728603d5f"},
    {file = "psycopg2_binary-2.9.7-cp38-cp38-win_amd64.whl", hash = "sha256:d0b16e5bb0ab78583f0ed7ab16378a0f8a89a27256bb5560402749dbe8a164d7"},
    {file = "psycopg2_binary-2.9.7-cp39-cp39-macosx_10_9_x86_64.whl", hash = "sha256:6822c9c63308d650db201ba22fe6648bd6786ca6d14fdaf273b17e15608d0852"},
    {file = "psycopg2_binary-2.9.7-cp39-cp39-macosx_11_0_arm64.whl", hash = "sha256:8f94cb12150d57ea433e3e02aabd072205648e86f1d5a0a692d60242f7809b15"},
    {file = "psycopg2_binary-2.9.7-cp39-cp39-manylinux_2_17_aarch64.manylinux2014_aarch64.whl", hash = "sha256:a5ee89587696d808c9a00876065d725d4ae606f5f7853b961cdbc348b0f7c9a1"},
    {file = "psycopg2_binary-2.9.7-cp39-cp39-manylinux_2_17_i686.manylinux2014_i686.whl", hash = "sha256:ad5ec10b53cbb57e9a2e77b67e4e4368df56b54d6b00cc86398578f1c635f329"},
    {file = "psycopg2_binary-2.9.7-cp39-cp39-manylinux_2_17_ppc64le.manylinux2014_ppc64le.whl", hash = "sha256:642df77484b2dcaf87d4237792246d8068653f9e0f5c025e2c692fc56b0dda70"},
    {file = "psycopg2_binary-2.9.7-cp39-cp39-manylinux_2_17_x86_64.manylinux2014_x86_64.whl", hash = "sha256:a6a8b575ac45af1eaccbbcdcf710ab984fd50af048fe130672377f78aaff6fc1"},
    {file = "psycopg2_binary-2.9.7-cp39-cp39-musllinux_1_1_aarch64.whl", hash = "sha256:f955aa50d7d5220fcb6e38f69ea126eafecd812d96aeed5d5f3597f33fad43bb"},
    {file = "psycopg2_binary-2.9.7-cp39-cp39-musllinux_1_1_i686.whl", hash = "sha256:ad26d4eeaa0d722b25814cce97335ecf1b707630258f14ac4d2ed3d1d8415265"},
    {file = "psycopg2_binary-2.9.7-cp39-cp39-musllinux_1_1_ppc64le.whl", hash = "sha256:ced63c054bdaf0298f62681d5dcae3afe60cbae332390bfb1acf0e23dcd25fc8"},
    {file = "psycopg2_binary-2.9.7-cp39-cp39-musllinux_1_1_x86_64.whl", hash = "sha256:2b04da24cbde33292ad34a40db9832a80ad12de26486ffeda883413c9e1b1d5e"},
    {file = "psycopg2_binary-2.9.7-cp39-cp39-win32.whl", hash = "sha256:18f12632ab516c47c1ac4841a78fddea6508a8284c7cf0f292cb1a523f2e2379"},
    {file = "psycopg2_binary-2.9.7-cp39-cp39-win_amd64.whl", hash = "sha256:eb3b8d55924a6058a26db69fb1d3e7e32695ff8b491835ba9f479537e14dcf9f"},
]

[[package]]
name = "python-dateutil"
version = "2.8.2"
description = "Extensions to the standard Python datetime module"
category = "main"
optional = false
python-versions = "!=3.0.*,!=3.1.*,!=3.2.*,>=2.7"
files = [
    {file = "python-dateutil-2.8.2.tar.gz", hash = "sha256:0123cacc1627ae19ddf3c27a5de5bd67ee4586fbdd6440d9748f8abb483d3e86"},
    {file = "python_dateutil-2.8.2-py2.py3-none-any.whl", hash = "sha256:961d03dc3453ebbc59dbdea9e4e11c5651520a876d0f4db161e8674aae935da9"},
]

[package.dependencies]
six = ">=1.5"

[[package]]
name = "six"
version = "1.16.0"
description = "Python 2 and 3 compatibility utilities"
category = "main"
optional = false
python-versions = ">=2.7, !=3.0.*, !=3.1.*, !=3.2.*"
files = [
    {file = "six-1.16.0-py2.py3-none-any.whl", hash = "sha256:8abb2f1d86890a2dfb989f9a77cfcfd3e47c2a354b01111771326f8aa26e0254"},
    {file = "six-1.16.0.tar.gz", hash = "sha256:1e61c37477a1626458e36f7b1d82aa5c9b094fa4802892072e49de9c60c4c926"},
]

[[package]]
name = "zipp"
version = "3.17.0"
description = "Backport of pathlib-compatible object wrapper for zip files"
category = "main"
optional = false
python-versions = ">=3.8"
files = [
    {file = "zipp-3.17.0-py3-none-any.whl", hash = "sha256:0e923e726174922dce09c53c59ad483ff7bbb8e572e00c7f7c46b88556409f31"},
    {file = "zipp-3.17.0.tar.gz", hash = "sha256:84e64a1c28cf7e91ed2078bb8cc8c259cb19b76942096c8d7b84947690cabaf0"},
]

[package.extras]
docs = ["furo", "jaraco.packaging (>=9.3)", "jaraco.tidelift (>=1.4)", "rst.linker (>=1.9)", "sphinx (<7.2.5)", "sphinx (>=3.5)", "sphinx-lint"]
testing = ["big-O", "jaraco.functools", "jaraco.itertools", "more-itertools", "pytest (>=6)", "pytest-black (>=0.3.7)", "pytest-checkdocs (>=2.4)", "pytest-cov", "pytest-enabler (>=2.2)", "pytest-ignore-flaky", "pytest-mypy (>=0.9.1)", "pytest-ruff"]

[metadata]
lock-version = "2.0"
python-versions = "^3.8"
content-hash = "361ca29967b843d24b88e9bbf80dda8a831dd8a2d828ea2ed46f5f8a4e499177"
