# This file is automatically @generated by Poetry 1.8.2 and should not be changed by hand.

[[package]]
name = "certifi"
version = "2024.2.2"
description = "Python package for providing Mozilla's CA Bundle."
optional = false
python-versions = ">=3.6"
files = [
    {file = "certifi-2024.2.2-py3-none-any.whl", hash = "sha256:dc383c07b76109f368f6106eee2b593b04a011ea4d55f652c6ca24a754d1cdd1"},
    {file = "certifi-2024.2.2.tar.gz", hash = "sha256:0569859f95fc761b18b45ef421b1290a0f65f147e92a1e5eb3e635f9a5e4e66f"},
]

[[package]]
name = "pyproj"
version = "3.5.0"
description = "Python interface to PROJ (cartographic projections and coordinate transformations library)"
optional = false
python-versions = ">=3.8"
files = [
    {file = "pyproj-3.5.0-cp310-cp310-macosx_10_9_x86_64.whl", hash = "sha256:6475ce653880938468a1a1b7321267243909e34b972ba9e53d5982c41d555918"},
    {file = "pyproj-3.5.0-cp310-cp310-macosx_11_0_arm64.whl", hash = "sha256:61e4ad57d89b03a7b173793b31bca8ee110112cde1937ef0f42a70b9120c827d"},
    {file = "pyproj-3.5.0-cp310-cp310-manylinux_2_17_aarch64.manylinux2014_aarch64.whl", hash = "sha256:7bdd2021bb6f7f346bfe1d2a358aa109da017d22c4704af2d994e7c7ee0a7a53"},
    {file = "pyproj-3.5.0-cp310-cp310-manylinux_2_17_i686.manylinux2014_i686.whl", hash = "sha256:5674923351e76222e2c10c58b5e1ac119d7a46b270d822c463035971b06f724b"},
    {file = "pyproj-3.5.0-cp310-cp310-manylinux_2_17_x86_64.manylinux2014_x86_64.whl", hash = "sha256:cd5e2b6aa255023c4acd0b977590f1f7cc801ba21b4d806fcf6dfac3474ebb83"},
    {file = "pyproj-3.5.0-cp310-cp310-win32.whl", hash = "sha256:6f316a66031a14e9c5a88c91f8b77aa97f5454895674541ed6ab630b682be35d"},
    {file = "pyproj-3.5.0-cp310-cp310-win_amd64.whl", hash = "sha256:f7c2f4d9681e810cf40239caaca00079930a6d9ee6591139b88d592d36051d82"},
    {file = "pyproj-3.5.0-cp311-cp311-macosx_10_9_x86_64.whl", hash = "sha256:7572983134e310e0ca809c63f1722557a040fe9443df5f247bf11ba887eb1229"},
    {file = "pyproj-3.5.0-cp311-cp311-macosx_11_0_arm64.whl", hash = "sha256:eccb417b91d0be27805dfc97550bfb8b7db94e9fe1db5ebedb98f5b88d601323"},
    {file = "pyproj-3.5.0-cp311-cp311-manylinux_2_17_aarch64.manylinux2014_aarch64.whl", hash = "sha256:621d78a9d8bf4d06e08bef2471021fbcb1a65aa629ad4a20c22e521ce729cc20"},
    {file = "pyproj-3.5.0-cp311-cp311-manylinux_2_17_i686.manylinux2014_i686.whl", hash = "sha256:d9a024370e917c899bff9171f03ea6079deecdc7482a146a2c565f3b9df134ea"},
    {file = "pyproj-3.5.0-cp311-cp311-manylinux_2_17_x86_64.manylinux2014_x86_64.whl", hash = "sha256:1b7c2113c4d11184a238077ec85e31eda1dcc58ffeb9a4429830e0a7036e787d"},
    {file = "pyproj-3.5.0-cp311-cp311-win32.whl", hash = "sha256:a730f5b4c98c8a0f312437873e6e34dbd4cc6dc23d5afd91a6691c62724b1f68"},
    {file = "pyproj-3.5.0-cp311-cp311-win_amd64.whl", hash = "sha256:e97573de0ab3bbbcb4c7748bc41f4ceb6da10b45d35b1a294b5820701e7c25f0"},
    {file = "pyproj-3.5.0-cp38-cp38-macosx_10_9_x86_64.whl", hash = "sha256:2b708fd43453b985642b737d4a6e7f1d6a0ab1677ffa4e14cc258537b49224b0"},
    {file = "pyproj-3.5.0-cp38-cp38-macosx_11_0_arm64.whl", hash = "sha256:b60d93a200639e8367c6542a964fd0aa2dbd152f256c1831dc18cd5aa470fb8a"},
    {file = "pyproj-3.5.0-cp38-cp38-manylinux_2_17_aarch64.manylinux2014_aarch64.whl", hash = "sha256:38862fe07316ae12b79d82d298e390973a4f00b684f3c2d037238e20e00610ba"},
    {file = "pyproj-3.5.0-cp38-cp38-manylinux_2_17_i686.manylinux2014_i686.whl", hash = "sha256:71b65f2a38cd9e16883dbb0f8ae82bdf8f6b79b1b02975c78483ab8428dbbf2f"},
    {file = "pyproj-3.5.0-cp38-cp38-manylinux_2_17_x86_64.manylinux2014_x86_64.whl", hash = "sha256:b752b7d9c4b08181c7e8c0d9c7f277cbefff42227f34d3310696a87c863d9dd3"},
    {file = "pyproj-3.5.0-cp38-cp38-win32.whl", hash = "sha256:b937215bfbaf404ec8f03ca741fc3f9f2c4c2c5590a02ccddddd820ae3c71331"},
    {file = "pyproj-3.5.0-cp38-cp38-win_amd64.whl", hash = "sha256:97ed199033c2c770e7eea2ef80ff5e6413426ec2d7ec985b869792f04ab95d05"},
    {file = "pyproj-3.5.0-cp39-cp39-macosx_10_9_x86_64.whl", hash = "sha256:052c49fce8b5d55943a35c36ccecb87350c68b48ba95bc02a789770c374ef819"},
    {file = "pyproj-3.5.0-cp39-cp39-macosx_11_0_arm64.whl", hash = "sha256:1507138ea28bf2134d31797675380791cc1a7156a3aeda484e65a78a4aba9b62"},
    {file = "pyproj-3.5.0-cp39-cp39-manylinux_2_17_aarch64.manylinux2014_aarch64.whl", hash = "sha256:c02742ef3d846401861a878a61ef7ad911ea7539d6cc4619ddb52dbdf7b45aee"},
    {file = "pyproj-3.5.0-cp39-cp39-manylinux_2_17_i686.manylinux2014_i686.whl", hash = "sha256:385b0341861d3ebc8cad98337a738821dcb548d465576527399f4955ca24b6ed"},
    {file = "pyproj-3.5.0-cp39-cp39-manylinux_2_17_x86_64.manylinux2014_x86_64.whl", hash = "sha256:8fe6bb1b68a35d07378d38be77b5b2f8dd2bea5910c957bfcc7bee55988d3910"},
    {file = "pyproj-3.5.0-cp39-cp39-win32.whl", hash = "sha256:5c4b85ac10d733c42d73a2e6261c8d6745bf52433a31848dd1b6561c9a382da3"},
    {file = "pyproj-3.5.0-cp39-cp39-win_amd64.whl", hash = "sha256:1798ff7d65d9057ebb2d017ffe8403268b8452f24d0428b2140018c25c7fa1bc"},
    {file = "pyproj-3.5.0-pp38-pypy38_pp73-macosx_10_9_x86_64.whl", hash = "sha256:d711517a8487ef3245b08dc82f781a906df9abb3b6cb0ce0486f0eeb823ca570"},
    {file = "pyproj-3.5.0-pp38-pypy38_pp73-manylinux_2_17_i686.manylinux2014_i686.whl", hash = "sha256:788a5dadb532644a64efe0f5f01bf508c821eb7e984f13a677d56002f1e8a67a"},
    {file = "pyproj-3.5.0-pp38-pypy38_pp73-manylinux_2_17_x86_64.manylinux2014_x86_64.whl", hash = "sha256:73f7960a97225812f9b1d7aeda5fb83812f38de9441e3476fcc8abb3e2b2f4de"},
    {file = "pyproj-3.5.0-pp39-pypy39_pp73-macosx_10_9_x86_64.whl", hash = "sha256:fde5ece4d2436b5a57c8f5f97b49b5de06a856d03959f836c957d3e609f2de7e"},
    {file = "pyproj-3.5.0-pp39-pypy39_pp73-manylinux_2_17_i686.manylinux2014_i686.whl", hash = "sha256:e08db25b61cf024648d55973cc3d1c3f1d0818fabf594d5f5a8e2318103d2aa0"},
    {file = "pyproj-3.5.0-pp39-pypy39_pp73-manylinux_2_17_x86_64.manylinux2014_x86_64.whl", hash = "sha256:6a87b419a2a352413fbf759ecb66da9da50bd19861c8f26db6a25439125b27b9"},
    {file = "pyproj-3.5.0.tar.gz", hash = "sha256:9859d1591c1863414d875ae0759e72c2cffc01ab989dc64137fbac572cc81bf6"},
]

[package.dependencies]
certifi = "*"

[metadata]
lock-version = "2.0"
python-versions = "^3.11"
content-hash = "bc266dcd1c0f8487f0c92e8eb956986fbe78fcd9fb21b74fe8dec8539bcfb8b3"
