# This file is automatically @generated by Poetry 1.6.1 and should not be changed by hand.

[[package]]
name = "attrs"
version = "23.1.0"
description = "Classes Without Boilerplate"
optional = false
python-versions = ">=3.7"
files = [
    {file = "attrs-23.1.0-py3-none-any.whl", hash = "sha256:1f28b4522cdc2fb4256ac1a020c78acf9cba2c6b461ccd2c126f3aa8e8335d04"},
    {file = "attrs-23.1.0.tar.gz", hash = "sha256:6279836d581513a26f1bf235f9acd333bc9115683f14f7e8fae46c98fc50e015"},
]

[package.extras]
cov = ["attrs[tests]", "coverage[toml] (>=5.3)"]
dev = ["attrs[docs,tests]", "pre-commit"]
docs = ["furo", "myst-parser", "sphinx", "sphinx-notfound-page", "sphinxcontrib-towncrier", "towncrier", "zope-interface"]
tests = ["attrs[tests-no-zope]", "zope-interface"]
tests-no-zope = ["cloudpickle", "hypothesis", "mypy (>=1.1.1)", "pympler", "pytest (>=4.3.0)", "pytest-mypy-plugins", "pytest-xdist[psutil]"]

[[package]]
name = "jsonschema"
version = "4.18.4"
description = "An implementation of JSON Schema validation for Python"
optional = false
python-versions = ">=3.8"
files = [
    {file = "jsonschema-4.18.4-py3-none-any.whl", hash = "sha256:971be834317c22daaa9132340a51c01b50910724082c2c1a2ac87eeec153a3fe"},
    {file = "jsonschema-4.18.4.tar.gz", hash = "sha256:fb3642735399fa958c0d2aad7057901554596c63349f4f6b283c493cf692a25d"},
]

[package.dependencies]
attrs = ">=22.2.0"
jsonschema-specifications = ">=2023.03.6"
referencing = ">=0.28.4"
rpds-py = ">=0.7.1"

[package.extras]
format = ["fqdn", "idna", "isoduration", "jsonpointer (>1.13)", "rfc3339-validator", "rfc3987", "uri-template", "webcolors (>=1.11)"]
format-nongpl = ["fqdn", "idna", "isoduration", "jsonpointer (>1.13)", "rfc3339-validator", "rfc3986-validator (>0.1.0)", "uri-template", "webcolors (>=1.11)"]

[[package]]
name = "jsonschema-specifications"
version = "2023.7.1"
description = "The JSON Schema meta-schemas and vocabularies, exposed as a Registry"
optional = false
python-versions = ">=3.8"
files = [
    {file = "jsonschema_specifications-2023.7.1-py3-none-any.whl", hash = "sha256:05adf340b659828a004220a9613be00fa3f223f2b82002e273dee62fd50524b1"},
    {file = "jsonschema_specifications-2023.7.1.tar.gz", hash = "sha256:c91a50404e88a1f6ba40636778e2ee08f6e24c5613fe4c53ac24578a5a7f72bb"},
]

[package.dependencies]
referencing = ">=0.28.0"

[[package]]
name = "referencing"
version = "0.29.3"
description = "JSON Referencing + Python"
optional = false
python-versions = ">=3.8"
files = [
    {file = "referencing-0.29.3-py3-none-any.whl", hash = "sha256:7e059500cac23dc5d7d11687291ab60ba1e77ccdf9739b039c1177c06304e98c"},
    {file = "referencing-0.29.3.tar.gz", hash = "sha256:ebd2f5fe533001edaca3eae6caf09de0d70b6a3c78ebe34c98d26526e6fad3aa"},
]

[package.dependencies]
attrs = ">=22.2.0"
rpds-py = ">=0.7.0"

[[package]]
name = "rpds-py"
version = "0.10.3"
description = "Python bindings to Rust's persistent data structures (rpds)"
optional = false
python-versions = ">=3.8"
files = [
    {file = "rpds_py-0.10.3-cp310-cp310-macosx_10_7_x86_64.whl", hash = "sha256:485747ee62da83366a44fbba963c5fe017860ad408ccd6cd99aa66ea80d32b2e"},
    {file = "rpds_py-0.10.3-cp310-cp310-macosx_11_0_arm64.whl", hash = "sha256:c55f9821f88e8bee4b7a72c82cfb5ecd22b6aad04033334f33c329b29bfa4da0"},
    {file = "rpds_py-0.10.3-cp310-cp310-manylinux_2_17_aarch64.manylinux2014_aarch64.whl", hash = "sha256:d3b52a67ac66a3a64a7e710ba629f62d1e26ca0504c29ee8cbd99b97df7079a8"},
    {file = "rpds_py-0.10.3-cp310-cp310-manylinux_2_17_armv7l.manylinux2014_armv7l.whl", hash = "sha256:3aed39db2f0ace76faa94f465d4234aac72e2f32b009f15da6492a561b3bbebd"},
    {file = "rpds_py-0.10.3-cp310-cp310-manylinux_2_17_ppc64le.manylinux2014_ppc64le.whl", hash = "sha256:271c360fdc464fe6a75f13ea0c08ddf71a321f4c55fc20a3fe62ea3ef09df7d9"},
    {file = "rpds_py-0.10.3-cp310-cp310-manylinux_2_17_s390x.manylinux2014_s390x.whl", hash = "sha256:ef5fddfb264e89c435be4adb3953cef5d2936fdeb4463b4161a6ba2f22e7b740"},
    {file = "rpds_py-0.10.3-cp310-cp310-manylinux_2_17_x86_64.manylinux2014_x86_64.whl", hash = "sha256:a771417c9c06c56c9d53d11a5b084d1de75de82978e23c544270ab25e7c066ff"},
    {file = "rpds_py-0.10.3-cp310-cp310-manylinux_2_5_i686.manylinux1_i686.whl", hash = "sha256:52b5cbc0469328e58180021138207e6ec91d7ca2e037d3549cc9e34e2187330a"},
    {file = "rpds_py-0.10.3-cp310-cp310-musllinux_1_2_aarch64.whl", hash = "sha256:6ac3fefb0d168c7c6cab24fdfc80ec62cd2b4dfd9e65b84bdceb1cb01d385c33"},
    {file = "rpds_py-0.10.3-cp310-cp310-musllinux_1_2_i686.whl", hash = "sha256:8d54bbdf5d56e2c8cf81a1857250f3ea132de77af543d0ba5dce667183b61fec"},
    {file = "rpds_py-0.10.3-cp310-cp310-musllinux_1_2_x86_64.whl", hash = "sha256:cd2163f42868865597d89399a01aa33b7594ce8e2c4a28503127c81a2f17784e"},
    {file = "rpds_py-0.10.3-cp310-none-win32.whl", hash = "sha256:ea93163472db26ac6043e8f7f93a05d9b59e0505c760da2a3cd22c7dd7111391"},
    {file = "rpds_py-0.10.3-cp310-none-win_amd64.whl", hash = "sha256:7cd020b1fb41e3ab7716d4d2c3972d4588fdfbab9bfbbb64acc7078eccef8860"},
    {file = "rpds_py-0.10.3-cp311-cp311-macosx_10_7_x86_64.whl", hash = "sha256:1d9b5ee46dcb498fa3e46d4dfabcb531e1f2e76b477e0d99ef114f17bbd38453"},
    {file = "rpds_py-0.10.3-cp311-cp311-macosx_11_0_arm64.whl", hash = "sha256:563646d74a4b4456d0cf3b714ca522e725243c603e8254ad85c3b59b7c0c4bf0"},
    {file = "rpds_py-0.10.3-cp311-cp311-manylinux_2_17_aarch64.manylinux2014_aarch64.whl", hash = "sha256:e626b864725680cd3904414d72e7b0bd81c0e5b2b53a5b30b4273034253bb41f"},
    {file = "rpds_py-0.10.3-cp311-cp311-manylinux_2_17_armv7l.manylinux2014_armv7l.whl", hash = "sha256:485301ee56ce87a51ccb182a4b180d852c5cb2b3cb3a82f7d4714b4141119d8c"},
    {file = "rpds_py-0.10.3-cp311-cp311-manylinux_2_17_ppc64le.manylinux2014_ppc64le.whl", hash = "sha256:42f712b4668831c0cd85e0a5b5a308700fe068e37dcd24c0062904c4e372b093"},
    {file = "rpds_py-0.10.3-cp311-cp311-manylinux_2_17_s390x.manylinux2014_s390x.whl", hash = "sha256:6c9141af27a4e5819d74d67d227d5047a20fa3c7d4d9df43037a955b4c748ec5"},
    {file = "rpds_py-0.10.3-cp311-cp311-manylinux_2_17_x86_64.manylinux2014_x86_64.whl", hash = "sha256:ef750a20de1b65657a1425f77c525b0183eac63fe7b8f5ac0dd16f3668d3e64f"},
    {file = "rpds_py-0.10.3-cp311-cp311-manylinux_2_5_i686.manylinux1_i686.whl", hash = "sha256:e1a0ffc39f51aa5f5c22114a8f1906b3c17eba68c5babb86c5f77d8b1bba14d1"},
    {file = "rpds_py-0.10.3-cp311-cp311-musllinux_1_2_aarch64.whl", hash = "sha256:f4c179a7aeae10ddf44c6bac87938134c1379c49c884529f090f9bf05566c836"},
    {file = "rpds_py-0.10.3-cp311-cp311-musllinux_1_2_i686.whl", hash = "sha256:176287bb998fd1e9846a9b666e240e58f8d3373e3bf87e7642f15af5405187b8"},
    {file = "rpds_py-0.10.3-cp311-cp311-musllinux_1_2_x86_64.whl", hash = "sha256:6446002739ca29249f0beaaf067fcbc2b5aab4bc7ee8fb941bd194947ce19aff"},
    {file = "rpds_py-0.10.3-cp311-none-win32.whl", hash = "sha256:c7aed97f2e676561416c927b063802c8a6285e9b55e1b83213dfd99a8f4f9e48"},
    {file = "rpds_py-0.10.3-cp311-none-win_amd64.whl", hash = "sha256:8bd01ff4032abaed03f2db702fa9a61078bee37add0bd884a6190b05e63b028c"},
    {file = "rpds_py-0.10.3-cp312-cp312-macosx_10_7_x86_64.whl", hash = "sha256:4cf0855a842c5b5c391dd32ca273b09e86abf8367572073bd1edfc52bc44446b"},
    {file = "rpds_py-0.10.3-cp312-cp312-macosx_11_0_arm64.whl", hash = "sha256:69b857a7d8bd4f5d6e0db4086da8c46309a26e8cefdfc778c0c5cc17d4b11e08"},
    {file = "rpds_py-0.10.3-cp312-cp312-manylinux_2_17_aarch64.manylinux2014_aarch64.whl", hash = "sha256:975382d9aa90dc59253d6a83a5ca72e07f4ada3ae3d6c0575ced513db322b8ec"},
    {file = "rpds_py-0.10.3-cp312-cp312-manylinux_2_17_armv7l.manylinux2014_armv7l.whl", hash = "sha256:35fbd23c1c8732cde7a94abe7fb071ec173c2f58c0bd0d7e5b669fdfc80a2c7b"},
    {file = "rpds_py-0.10.3-cp312-cp312-manylinux_2_17_ppc64le.manylinux2014_ppc64le.whl", hash = "sha256:106af1653007cc569d5fbb5f08c6648a49fe4de74c2df814e234e282ebc06957"},
    {file = "rpds_py-0.10.3-cp312-cp312-manylinux_2_17_s390x.manylinux2014_s390x.whl", hash = "sha256:ce5e7504db95b76fc89055c7f41e367eaadef5b1d059e27e1d6eabf2b55ca314"},
    {file = "rpds_py-0.10.3-cp312-cp312-manylinux_2_17_x86_64.manylinux2014_x86_64.whl", hash = "sha256:5aca759ada6b1967fcfd4336dcf460d02a8a23e6abe06e90ea7881e5c22c4de6"},
    {file = "rpds_py-0.10.3-cp312-cp312-manylinux_2_5_i686.manylinux1_i686.whl", hash = "sha256:b5d4bdd697195f3876d134101c40c7d06d46c6ab25159ed5cbd44105c715278a"},
    {file = "rpds_py-0.10.3-cp312-cp312-musllinux_1_2_aarch64.whl", hash = "sha256:a657250807b6efd19b28f5922520ae002a54cb43c2401e6f3d0230c352564d25"},
    {file = "rpds_py-0.10.3-cp312-cp312-musllinux_1_2_i686.whl", hash = "sha256:177c9dd834cdf4dc39c27436ade6fdf9fe81484758885f2d616d5d03c0a83bd2"},
    {file = "rpds_py-0.10.3-cp312-cp312-musllinux_1_2_x86_64.whl", hash = "sha256:e22491d25f97199fc3581ad8dd8ce198d8c8fdb8dae80dea3512e1ce6d5fa99f"},
    {file = "rpds_py-0.10.3-cp38-cp38-macosx_10_7_x86_64.whl", hash = "sha256:2f3e1867dd574014253b4b8f01ba443b9c914e61d45f3674e452a915d6e929a3"},
    {file = "rpds_py-0.10.3-cp38-cp38-macosx_11_0_arm64.whl", hash = "sha256:c22211c165166de6683de8136229721f3d5c8606cc2c3d1562da9a3a5058049c"},
    {file = "rpds_py-0.10.3-cp38-cp38-manylinux_2_17_aarch64.manylinux2014_aarch64.whl", hash = "sha256:40bc802a696887b14c002edd43c18082cb7b6f9ee8b838239b03b56574d97f71"},
    {file = "rpds_py-0.10.3-cp38-cp38-manylinux_2_17_armv7l.manylinux2014_armv7l.whl", hash = "sha256:5e271dd97c7bb8eefda5cca38cd0b0373a1fea50f71e8071376b46968582af9b"},
    {file = "rpds_py-0.10.3-cp38-cp38-manylinux_2_17_ppc64le.manylinux2014_ppc64le.whl", hash = "sha256:95cde244e7195b2c07ec9b73fa4c5026d4a27233451485caa1cd0c1b55f26dbd"},
    {file = "rpds_py-0.10.3-cp38-cp38-manylinux_2_17_s390x.manylinux2014_s390x.whl", hash = "sha256:08a80cf4884920863623a9ee9a285ee04cef57ebedc1cc87b3e3e0f24c8acfe5"},
    {file = "rpds_py-0.10.3-cp38-cp38-manylinux_2_17_x86_64.manylinux2014_x86_64.whl", hash = "sha256:763ad59e105fca09705d9f9b29ecffb95ecdc3b0363be3bb56081b2c6de7977a"},
    {file = "rpds_py-0.10.3-cp38-cp38-manylinux_2_5_i686.manylinux1_i686.whl", hash = "sha256:187700668c018a7e76e89424b7c1042f317c8df9161f00c0c903c82b0a8cac5c"},
    {file = "rpds_py-0.10.3-cp38-cp38-musllinux_1_2_aarch64.whl", hash = "sha256:5267cfda873ad62591b9332fd9472d2409f7cf02a34a9c9cb367e2c0255994bf"},
    {file = "rpds_py-0.10.3-cp38-cp38-musllinux_1_2_i686.whl", hash = "sha256:2ed83d53a8c5902ec48b90b2ac045e28e1698c0bea9441af9409fc844dc79496"},
    {file = "rpds_py-0.10.3-cp38-cp38-musllinux_1_2_x86_64.whl", hash = "sha256:255f1a10ae39b52122cce26ce0781f7a616f502feecce9e616976f6a87992d6b"},
    {file = "rpds_py-0.10.3-cp38-none-win32.whl", hash = "sha256:a019a344312d0b1f429c00d49c3be62fa273d4a1094e1b224f403716b6d03be1"},
    {file = "rpds_py-0.10.3-cp38-none-win_amd64.whl", hash = "sha256:efb9ece97e696bb56e31166a9dd7919f8f0c6b31967b454718c6509f29ef6fee"},
    {file = "rpds_py-0.10.3-cp39-cp39-macosx_10_7_x86_64.whl", hash = "sha256:570cc326e78ff23dec7f41487aa9c3dffd02e5ee9ab43a8f6ccc3df8f9327623"},
    {file = "rpds_py-0.10.3-cp39-cp39-macosx_11_0_arm64.whl", hash = "sha256:cff7351c251c7546407827b6a37bcef6416304fc54d12d44dbfecbb717064717"},
    {file = "rpds_py-0.10.3-cp39-cp39-manylinux_2_17_aarch64.manylinux2014_aarch64.whl", hash = "sha256:177914f81f66c86c012311f8c7f46887ec375cfcfd2a2f28233a3053ac93a569"},
    {file = "rpds_py-0.10.3-cp39-cp39-manylinux_2_17_armv7l.manylinux2014_armv7l.whl", hash = "sha256:448a66b8266de0b581246ca7cd6a73b8d98d15100fb7165974535fa3b577340e"},
    {file = "rpds_py-0.10.3-cp39-cp39-manylinux_2_17_ppc64le.manylinux2014_ppc64le.whl", hash = "sha256:3bbac1953c17252f9cc675bb19372444aadf0179b5df575ac4b56faaec9f6294"},
    {file = "rpds_py-0.10.3-cp39-cp39-manylinux_2_17_s390x.manylinux2014_s390x.whl", hash = "sha256:9dd9d9d9e898b9d30683bdd2b6c1849449158647d1049a125879cb397ee9cd12"},
    {file = "rpds_py-0.10.3-cp39-cp39-manylinux_2_17_x86_64.manylinux2014_x86_64.whl", hash = "sha256:e8c71ea77536149e36c4c784f6d420ffd20bea041e3ba21ed021cb40ce58e2c9"},
    {file = "rpds_py-0.10.3-cp39-cp39-manylinux_2_5_i686.manylinux1_i686.whl", hash = "sha256:16a472300bc6c83fe4c2072cc22b3972f90d718d56f241adabc7ae509f53f154"},
    {file = "rpds_py-0.10.3-cp39-cp39-musllinux_1_2_aarch64.whl", hash = "sha256:b9255e7165083de7c1d605e818025e8860636348f34a79d84ec533546064f07e"},
    {file = "rpds_py-0.10.3-cp39-cp39-musllinux_1_2_i686.whl", hash = "sha256:53d7a3cd46cdc1689296348cb05ffd4f4280035770aee0c8ead3bbd4d6529acc"},
    {file = "rpds_py-0.10.3-cp39-cp39-musllinux_1_2_x86_64.whl", hash = "sha256:22da15b902f9f8e267020d1c8bcfc4831ca646fecb60254f7bc71763569f56b1"},
    {file = "rpds_py-0.10.3-cp39-none-win32.whl", hash = "sha256:850c272e0e0d1a5c5d73b1b7871b0a7c2446b304cec55ccdb3eaac0d792bb065"},
    {file = "rpds_py-0.10.3-cp39-none-win_amd64.whl", hash = "sha256:de61e424062173b4f70eec07e12469edde7e17fa180019a2a0d75c13a5c5dc57"},
    {file = "rpds_py-0.10.3-pp310-pypy310_pp73-macosx_10_7_x86_64.whl", hash = "sha256:af247fd4f12cca4129c1b82090244ea5a9d5bb089e9a82feb5a2f7c6a9fe181d"},
    {file = "rpds_py-0.10.3-pp310-pypy310_pp73-macosx_11_0_arm64.whl", hash = "sha256:3ad59efe24a4d54c2742929001f2d02803aafc15d6d781c21379e3f7f66ec842"},
    {file = "rpds_py-0.10.3-pp310-pypy310_pp73-manylinux_2_17_aarch64.manylinux2014_aarch64.whl", hash = "sha256:642ed0a209ced4be3a46f8cb094f2d76f1f479e2a1ceca6de6346a096cd3409d"},
    {file = "rpds_py-0.10.3-pp310-pypy310_pp73-manylinux_2_17_armv7l.manylinux2014_armv7l.whl", hash = "sha256:37d0c59548ae56fae01c14998918d04ee0d5d3277363c10208eef8c4e2b68ed6"},
    {file = "rpds_py-0.10.3-pp310-pypy310_pp73-manylinux_2_17_ppc64le.manylinux2014_ppc64le.whl", hash = "sha256:aad6ed9e70ddfb34d849b761fb243be58c735be6a9265b9060d6ddb77751e3e8"},
    {file = "rpds_py-0.10.3-pp310-pypy310_pp73-manylinux_2_17_s390x.manylinux2014_s390x.whl", hash = "sha256:8f94fdd756ba1f79f988855d948ae0bad9ddf44df296770d9a58c774cfbcca72"},
    {file = "rpds_py-0.10.3-pp310-pypy310_pp73-manylinux_2_17_x86_64.manylinux2014_x86_64.whl", hash = "sha256:77076bdc8776a2b029e1e6ffbe6d7056e35f56f5e80d9dc0bad26ad4a024a762"},
    {file = "rpds_py-0.10.3-pp310-pypy310_pp73-manylinux_2_5_i686.manylinux1_i686.whl", hash = "sha256:87d9b206b1bd7a0523375dc2020a6ce88bca5330682ae2fe25e86fd5d45cea9c"},
    {file = "rpds_py-0.10.3-pp310-pypy310_pp73-musllinux_1_2_aarch64.whl", hash = "sha256:8efaeb08ede95066da3a3e3c420fcc0a21693fcd0c4396d0585b019613d28515"},
    {file = "rpds_py-0.10.3-pp310-pypy310_pp73-musllinux_1_2_i686.whl", hash = "sha256:a4d9bfda3f84fc563868fe25ca160c8ff0e69bc4443c5647f960d59400ce6557"},
    {file = "rpds_py-0.10.3-pp310-pypy310_pp73-musllinux_1_2_x86_64.whl", hash = "sha256:d27aa6bbc1f33be920bb7adbb95581452cdf23005d5611b29a12bb6a3468cc95"},
    {file = "rpds_py-0.10.3-pp38-pypy38_pp73-macosx_10_7_x86_64.whl", hash = "sha256:ed8313809571a5463fd7db43aaca68ecb43ca7a58f5b23b6e6c6c5d02bdc7882"},
    {file = "rpds_py-0.10.3-pp38-pypy38_pp73-macosx_11_0_arm64.whl", hash = "sha256:e10e6a1ed2b8661201e79dff5531f8ad4cdd83548a0f81c95cf79b3184b20c33"},
    {file = "rpds_py-0.10.3-pp38-pypy38_pp73-manylinux_2_17_aarch64.manylinux2014_aarch64.whl", hash = "sha256:015de2ce2af1586ff5dc873e804434185199a15f7d96920ce67e50604592cae9"},
    {file = "rpds_py-0.10.3-pp38-pypy38_pp73-manylinux_2_17_armv7l.manylinux2014_armv7l.whl", hash = "sha256:ae87137951bb3dc08c7d8bfb8988d8c119f3230731b08a71146e84aaa919a7a9"},
    {file = "rpds_py-0.10.3-pp38-pypy38_pp73-manylinux_2_17_ppc64le.manylinux2014_ppc64le.whl", hash = "sha256:0bb4f48bd0dd18eebe826395e6a48b7331291078a879295bae4e5d053be50d4c"},
    {file = "rpds_py-0.10.3-pp38-pypy38_pp73-manylinux_2_17_s390x.manylinux2014_s390x.whl", hash = "sha256:09362f86ec201288d5687d1dc476b07bf39c08478cde837cb710b302864e7ec9"},
    {file = "rpds_py-0.10.3-pp38-pypy38_pp73-manylinux_2_17_x86_64.manylinux2014_x86_64.whl", hash = "sha256:821392559d37759caa67d622d0d2994c7a3f2fb29274948ac799d496d92bca73"},
    {file = "rpds_py-0.10.3-pp38-pypy38_pp73-manylinux_2_5_i686.manylinux1_i686.whl", hash = "sha256:7170cbde4070dc3c77dec82abf86f3b210633d4f89550fa0ad2d4b549a05572a"},
    {file = "rpds_py-0.10.3-pp38-pypy38_pp73-musllinux_1_2_aarch64.whl", hash = "sha256:5de11c041486681ce854c814844f4ce3282b6ea1656faae19208ebe09d31c5b8"},
    {file = "rpds_py-0.10.3-pp38-pypy38_pp73-musllinux_1_2_i686.whl", hash = "sha256:4ed172d0c79f156c1b954e99c03bc2e3033c17efce8dd1a7c781bc4d5793dfac"},
    {file = "rpds_py-0.10.3-pp38-pypy38_pp73-musllinux_1_2_x86_64.whl", hash = "sha256:11fdd1192240dda8d6c5d18a06146e9045cb7e3ba7c06de6973000ff035df7c6"},
    {file = "rpds_py-0.10.3-pp39-pypy39_pp73-macosx_10_7_x86_64.whl", hash = "sha256:f602881d80ee4228a2355c68da6b296a296cd22bbb91e5418d54577bbf17fa7c"},
    {file = "rpds_py-0.10.3-pp39-pypy39_pp73-macosx_11_0_arm64.whl", hash = "sha256:691d50c99a937709ac4c4cd570d959a006bd6a6d970a484c84cc99543d4a5bbb"},
    {file = "rpds_py-0.10.3-pp39-pypy39_pp73-manylinux_2_17_aarch64.manylinux2014_aarch64.whl", hash = "sha256:24cd91a03543a0f8d09cb18d1cb27df80a84b5553d2bd94cba5979ef6af5c6e7"},
    {file = "rpds_py-0.10.3-pp39-pypy39_pp73-manylinux_2_17_armv7l.manylinux2014_armv7l.whl", hash = "sha256:fc2200e79d75b5238c8d69f6a30f8284290c777039d331e7340b6c17cad24a5a"},
    {file = "rpds_py-0.10.3-pp39-pypy39_pp73-manylinux_2_17_ppc64le.manylinux2014_ppc64le.whl", hash = "sha256:ea65b59882d5fa8c74a23f8960db579e5e341534934f43f3b18ec1839b893e41"},
    {file = "rpds_py-0.10.3-pp39-pypy39_pp73-manylinux_2_17_s390x.manylinux2014_s390x.whl", hash = "sha256:829e91f3a8574888b73e7a3feb3b1af698e717513597e23136ff4eba0bc8387a"},
    {file = "rpds_py-0.10.3-pp39-pypy39_pp73-manylinux_2_17_x86_64.manylinux2014_x86_64.whl", hash = "sha256:eab75a8569a095f2ad470b342f2751d9902f7944704f0571c8af46bede438475"},
    {file = "rpds_py-0.10.3-pp39-pypy39_pp73-manylinux_2_5_i686.manylinux1_i686.whl", hash = "sha256:061c3ff1f51ecec256e916cf71cc01f9975af8fb3af9b94d3c0cc8702cfea637"},
    {file = "rpds_py-0.10.3-pp39-pypy39_pp73-musllinux_1_2_aarch64.whl", hash = "sha256:39d05e65f23a0fe897b6ac395f2a8d48c56ac0f583f5d663e0afec1da89b95da"},
    {file = "rpds_py-0.10.3-pp39-pypy39_pp73-musllinux_1_2_i686.whl", hash = "sha256:4eca20917a06d2fca7628ef3c8b94a8c358f6b43f1a621c9815243462dcccf97"},
    {file = "rpds_py-0.10.3-pp39-pypy39_pp73-musllinux_1_2_x86_64.whl", hash = "sha256:e8d0f0eca087630d58b8c662085529781fd5dc80f0a54eda42d5c9029f812599"},
    {file = "rpds_py-0.10.3.tar.gz", hash = "sha256:fcc1ebb7561a3e24a6588f7c6ded15d80aec22c66a070c757559b57b17ffd1cb"},
]

[metadata]
lock-version = "2.0"
python-versions = "^3.9"
content-hash = "ccb6cad585e5d07c69377d092b96afdf2e8f9cd0fe14935d6600e9a8c5d77437"
